
Microsoft Visual Studio Solution File, Format Version 12.00
# Visual Studio 15
VisualStudioVersion = 15.0.27130.2027
MinimumVisualStudioVersion = 10.0.40219.1
Project("{FAE04EC0-301F-11D3-BF4B-00C04F79EFBC}") = "AspNetWithFeatures", "AspNetWithFeatures\AspNetWithFeatures.csproj", "{95801684-2654-4C9B-BCE7-43ED60073647}"
EndProject
Global
	GlobalSection(SolutionConfigurationPlatforms) = preSolution
		Debug|Any CPU = Debug|Any CPU
		Release|Any CPU = Release|Any CPU
	EndGlobalSection
	GlobalSection(ProjectConfigurationPlatforms) = postSolution
		{95801684-2654-4C9B-BCE7-43ED60073647}.Debug|Any CPU.ActiveCfg = Debug|Any CPU
		{95801684-2654-4C9B-BCE7-43ED60073647}.Debug|Any CPU.Build.0 = Debug|Any CPU
		{95801684-2654-4C9B-BCE7-43ED60073647}.Release|Any CPU.ActiveCfg = Release|Any CPU
		{95801684-2654-4C9B-BCE7-43ED60073647}.Release|Any CPU.Build.0 = Release|Any CPU
	EndGlobalSection
	GlobalSection(SolutionProperties) = preSolution
		HideSolutionNode = FALSE
	EndGlobalSection
	GlobalSection(ExtensibilityGlobals) = postSolution
		SolutionGuid = {7E3EA2AC-354A-4855-AEF3-6E95633DB215}
	EndGlobalSection
EndGlobal
